
Microsoft Visual Studio Solution File, Format Version 12.00
# Visual Studio Version 16
VisualStudioVersion = 16.0.30320.27
MinimumVisualStudioVersion = 10.0.40219.1
Project("{FAE04EC0-301F-11D3-BF4B-00C04F79EFBC}") = "Exwold_Scanner", "Exwold_Scanner\Exwold_Scanner.csproj", "{4278F0DE-F964-48B8-863D-7EEDEC64E634}"
EndProject
Global
	GlobalSection(SolutionConfigurationPlatforms) = preSolution
		Debug|Any CPU = Debug|Any CPU
		Release|Any CPU = Release|Any CPU
	EndGlobalSection
	GlobalSection(ProjectConfigurationPlatforms) = postSolution
		{4278F0DE-F964-48B8-863D-7EEDEC64E634}.Debug|Any CPU.ActiveCfg = Debug|Any CPU
		{4278F0DE-F964-48B8-863D-7EEDEC64E634}.Debug|Any CPU.Build.0 = Debug|Any CPU
		{4278F0DE-F964-48B8-863D-7EEDEC64E634}.Debug|Any CPU.Deploy.0 = Debug|Any CPU
		{4278F0DE-F964-48B8-863D-7EEDEC64E634}.Release|Any CPU.ActiveCfg = Release|Any CPU
		{4278F0DE-F964-48B8-863D-7EEDEC64E634}.Release|Any CPU.Build.0 = Release|Any CPU
		{4278F0DE-F964-48B8-863D-7EEDEC64E634}.Release|Any CPU.Deploy.0 = Release|Any CPU
	EndGlobalSection
	GlobalSection(SolutionProperties) = preSolution
		HideSolutionNode = FALSE
	EndGlobalSection
	GlobalSection(ExtensibilityGlobals) = postSolution
		SolutionGuid = {302E39FD-F3CB-43C4-AC01-3CB686ACF58C}
	EndGlobalSection
EndGlobal
